# THIS IS AN AUTOGENERATED FILE. DO NOT EDIT THIS FILE DIRECTLY.
# yarn lockfile v1


"@babel/helper-plugin-utils@^7.18.9", "@babel/helper-plugin-utils@^7.8.3":
  version "7.21.5"
  resolved "https://registry.yarnpkg.com/@babel/helper-plugin-utils/-/helper-plugin-utils-7.21.5.tgz#345f2377d05a720a4e5ecfa39cbf4474a4daed56"
  integrity sha512-0WDaIlXKOX/3KfBK/dwP1oQGiPh6rjMkT7HIRv7i5RR2VUMwrx5ZL0dwBkKx7+SW1zwNdgjHd34IMk5ZjTeHVg==

"@babel/plugin-proposal-export-namespace-from@^7.18.9":
  version "7.18.9"
  resolved "https://registry.yarnpkg.com/@babel/plugin-proposal-export-namespace-from/-/plugin-proposal-export-namespace-from-7.18.9.tgz#5f7313ab348cdb19d590145f9247540e94761203"
  integrity sha512-k1NtHyOMvlDDFeb9G5PhUXuGj8m/wiwojgQVEhJ/fsVsMCpLyOP4h0uGEjYJKrRI+EVPlb5Jk+Gt9P97lOGwtA==
  dependencies:
    "@babel/helper-plugin-utils" "^7.18.9"
    "@babel/plugin-syntax-export-namespace-from" "^7.8.3"

"@babel/plugin-syntax-export-namespace-from@^7.8.3":
  version "7.8.3"
  resolved "https://registry.yarnpkg.com/@babel/plugin-syntax-export-namespace-from/-/plugin-syntax-export-namespace-from-7.8.3.tgz#028964a9ba80dbc094c915c487ad7c4e7a66465a"
  integrity sha512-MXf5laXo6c1IbEbegDmzGPwGNTsHZmEy6QGznu5Sh2UCWvueywb2ee+CCE4zQiZstxU9BMoQO9i6zUFSY0Kj0Q==
  dependencies:
    "@babel/helper-plugin-utils" "^7.8.3"

"@harrisontaee/library@^1.0.5":
  version "1.0.5"
  resolved "https://registry.yarnpkg.com/@harrisontaee/library/-/library-1.0.5.tgz#0f29ed7bb95745b6968ff358f4cec746f729e4f1"
  integrity sha512-SrIXekLaAKgtLCD4IjULE8xUx+IDe4WUkIuBx51X41Pb93fYmGULwNLsUifNhSiUKPP5r/4IR9Hovc6ubUryDw==

"@react-native/virtualized-lists@^0.72.4":
  version "0.72.5"
  resolved "https://registry.yarnpkg.com/@react-native/virtualized-lists/-/virtualized-lists-0.72.5.tgz#a7b261357ec7e0e5aa97a24d4acab1d903811e09"
  integrity sha512-AtKE3dez3lf89O87wC2ZglV5aPsifopQgn/UmFhXAwi18Yp1BJfEGh3sUqOPNgZNByYPAGxFANeZq44VATXeJA==
  dependencies:
    invariant "^2.2.4"
    nullthrows "^1.1.1"

"@shopify/react-native-skia@^0.1.193":
  version "0.1.193"
  resolved "https://registry.yarnpkg.com/@shopify/react-native-skia/-/react-native-skia-0.1.193.tgz#f03e5ec1afb7a97fb31c391369abeccadb2ada76"
  integrity sha512-Y8aM8jFbV4F7HB8prnizA1fS7ILCqsgH/EcxtIlz3JTFMHeUHQb7MuCZL8PaqWPcUCFXwPM3EHWob4ynckpzCQ==
  dependencies:
    canvaskit-wasm "0.38.0"
    react-reconciler "^0.27.0"

"@types/prop-types@*":
  version "15.7.5"
  resolved "https://registry.yarnpkg.com/@types/prop-types/-/prop-types-15.7.5.tgz#5f19d2b85a98e9558036f6a3cacc8819420f05cf"
  integrity sha512-JCB8C6SnDoQf0cNycqd/35A7MjcnK+ZTqE7judS6o7utxUCg6imJg3QK2qzHKszlTjcj2cn+NwMB2i96ubpj7w==

"@types/react-native@^0.72.2":
  version "0.72.2"
  resolved "https://registry.yarnpkg.com/@types/react-native/-/react-native-0.72.2.tgz#27c931a899c555b28e20cdd12e570b017808de96"
  integrity sha512-/eEjr04Zqo7mTMszuSdrLx90+j5nWhDMMOgtnKZfAYyV3RwmlpSb7F17ilmMMxZWJY81n/JZ4e6wdhMJFpjrCg==
  dependencies:
    "@react-native/virtualized-lists" "^0.72.4"
    "@types/react" "*"

"@types/react@*", "@types/react@^18.2.8":
  version "18.2.8"
  resolved "https://registry.yarnpkg.com/@types/react/-/react-18.2.8.tgz#a77dcffe4e9af148ca4aa8000c51a1e8ed99e2c8"
  integrity sha512-lTyWUNrd8ntVkqycEEplasWy2OxNlShj3zqS0LuB1ENUGis5HodmhM7DtCoUGbxj3VW/WsGA0DUhpG6XrM7gPA==
  dependencies:
    "@types/prop-types" "*"
    "@types/scheduler" "*"
    csstype "^3.0.2"

"@types/scheduler@*":
  version "0.16.3"
  resolved "https://registry.yarnpkg.com/@types/scheduler/-/scheduler-0.16.3.tgz#cef09e3ec9af1d63d2a6cc5b383a737e24e6dcf5"
  integrity sha512-5cJ8CB4yAx7BH1oMvdU0Jh9lrEXyPkar6F9G/ERswkCuvP4KQZfZkSjcMbAICCpQTN4OuZn8tz0HiKv9TGZgrQ==

base64-js@^1.3.0:
  version "1.5.1"
  resolved "https://registry.yarnpkg.com/base64-js/-/base64-js-1.5.1.tgz#1b1b440160a5bf7ad40b650f095963481903930a"
  integrity sha512-AKpaYlHn8t4SVbOHCy+b5+KKgvR4vrsD8vbvrbiQJps7fKDTkjkDry6ji0rUJjC0kzbNePLwzxq8iypo41qeWA==

canvaskit-wasm@0.38.0:
  version "0.38.0"
  resolved "https://registry.yarnpkg.com/canvaskit-wasm/-/canvaskit-wasm-0.38.0.tgz#83e6c46f3015c2ff3f6503157f47453af76a7be7"
  integrity sha512-ZEG6lucpbQ4Ld+mY8C1Ng+PMLVP+/AX02jS0Sdl28NyMxuKSa9uKB8oGd1BYp1XWPyO2Jgr7U8pdyjJ/F3xR5Q==

csstype@^3.0.2:
  version "3.1.2"
  resolved "https://registry.yarnpkg.com/csstype/-/csstype-3.1.2.tgz#1d4bf9d572f11c14031f0436e1c10bc1f571f50b"
  integrity sha512-I7K1Uu0MBPzaFKg4nI5Q7Vs2t+3gWWW648spaF+Rg7pI9ds18Ugn+lvg4SHczUdKlHI5LWBXyqfS8+DufyBsgQ==

expo-crypto@^12.2.2:
  version "12.2.2"
  resolved "https://registry.yarnpkg.com/expo-crypto/-/expo-crypto-12.2.2.tgz#e930c77a44aa1816e9e3063a0dd43c6477cc8787"
  integrity sha512-83SZju/l0UL4n+Dgt+T1csiySa0gwCeE6BKKHzlO+4lJ6B8xXZ5ypu97ttWATBsqcpF/bj1RmYPbfbKsZ+4ixA==
  dependencies:
    base64-js "^1.3.0"

immer@^10.0.2:
  version "10.0.2"
  resolved "https://registry.yarnpkg.com/immer/-/immer-10.0.2.tgz#11636c5b77acf529e059582d76faf338beb56141"
  integrity sha512-Rx3CqeqQ19sxUtYV9CU911Vhy8/721wRFnJv3REVGWUmoAcIwzifTsdmJte/MV+0/XpM35LZdQMBGkRIoLPwQA==

invariant@^2.2.4:
  version "2.2.4"
  resolved "https://registry.yarnpkg.com/invariant/-/invariant-2.2.4.tgz#610f3c92c9359ce1db616e538008d23ff35158e6"
  integrity sha512-phJfQVBuaJM5raOpJjSfkiD6BpbCE4Ns//LaXl6wGYtUBY83nWS6Rf9tXm2e8VaK60JEjYldbPif/A2B1C2gNA==
  dependencies:
    loose-envify "^1.0.0"

"js-tokens@^3.0.0 || ^4.0.0":
  version "4.0.0"
  resolved "https://registry.yarnpkg.com/js-tokens/-/js-tokens-4.0.0.tgz#19203fb59991df98e3a287050d4647cdeaf32499"
  integrity sha512-RdJUflcE3cUzKiMqQgsCu06FPu9UdIJO0beYbPhHN4k6apgJtifcoCtT9bcxOpYBtpD2kCM6Sbzg4CausW/PKQ==

loose-envify@^1.0.0, loose-envify@^1.1.0:
  version "1.4.0"
  resolved "https://registry.yarnpkg.com/loose-envify/-/loose-envify-1.4.0.tgz#71ee51fa7be4caec1a63839f7e682d8132d30caf"
  integrity sha512-lyuxPGr/Wfhrlem2CL/UcnUc1zcqKAImBDzukY7Y5F/yQiNdko6+fRLevlw1HgMySw7f611UIY408EtxRSoK3Q==
  dependencies:
    js-tokens "^3.0.0 || ^4.0.0"

nullthrows@^1.1.1:
  version "1.1.1"
  resolved "https://registry.yarnpkg.com/nullthrows/-/nullthrows-1.1.1.tgz#7818258843856ae971eae4208ad7d7eb19a431b1"
  integrity sha512-2vPPEi+Z7WqML2jZYddDIfy5Dqb0r2fze2zTxNNknZaFpVHU3mFB3R+DWeJWGVx0ecvttSGlJTI+WG+8Z4cDWw==

react-reconciler@^0.27.0:
  version "0.27.0"
  resolved "https://registry.yarnpkg.com/react-reconciler/-/react-reconciler-0.27.0.tgz#360124fdf2d76447c7491ee5f0e04503ed9acf5b"
  integrity sha512-HmMDKciQjYmBRGuuhIaKA1ba/7a+UsM5FzOZsMO2JYHt9Jh8reCb7j1eDC95NOyUlKM9KRyvdx0flBuDvYSBoA==
  dependencies:
    loose-envify "^1.1.0"
    scheduler "^0.21.0"

scheduler@^0.21.0:
  version "0.21.0"
  resolved "https://registry.yarnpkg.com/scheduler/-/scheduler-0.21.0.tgz#6fd2532ff5a6d877b6edb12f00d8ab7e8f308820"
  integrity sha512-1r87x5fz9MXqswA2ERLo0EbOAU74DpIUO090gIasYTqlVoJeMcl+Z1Rg7WHz+qtPujhS/hGIt9kxZOYBV3faRQ==
  dependencies:
    loose-envify "^1.1.0"

typescript@4.8.3:
  version "4.8.3"
  resolved "https://registry.yarnpkg.com/typescript/-/typescript-4.8.3.tgz#d59344522c4bc464a65a730ac695007fdb66dd88"
  integrity sha512-goMHfm00nWPa8UvR/CPSvykqf6dVV8x/dp0c5mFTMTIu0u0FlGWRioyy7Nn0PGAdHxpJZnuO/ut+PpQ8UiHAig==

use-sync-external-store@1.2.0:
  version "1.2.0"
  resolved "https://registry.yarnpkg.com/use-sync-external-store/-/use-sync-external-store-1.2.0.tgz#7dbefd6ef3fe4e767a0cf5d7287aacfb5846928a"
  integrity sha512-eEgnFxGQ1Ife9bzYs6VLi8/4X6CObHMw9Qr9tPY43iKwsPw8xE8+EFsf/2cFZ5S3esXgpWgtSCtLNS41F+sKPA==

zustand@>=4.0:
  version "4.3.8"
  resolved "https://registry.yarnpkg.com/zustand/-/zustand-4.3.8.tgz#37113df8e9e1421b0be1b2dca02b49b76210e7c4"
  integrity sha512-4h28KCkHg5ii/wcFFJ5Fp+k1J3gJoasaIbppdgZFO4BPJnsNxL0mQXBSFgOgAdCdBj35aDTPvdAJReTMntFPGg==
  dependencies:
    use-sync-external-store "1.2.0"
